
Microsoft Visual Studio Solution File, Format Version 12.00
# Visual Studio Version 17
VisualStudioVersion = 17.0.31903.59
MinimumVisualStudioVersion = 10.0.40219.1
Project("{2150E333-8FDC-42A3-9474-1A3956D46DE8}") = "src", "src", "{A47BAB96-7B99-4EC3-B21E-B7C242DF899C}"
EndProject
Project("{FAE04EC0-301F-11D3-BF4B-00C04F79EFBC}") = "AutoController", "src\AutoController\AutoController.csproj", "{EC6FB332-3EB9-4971-9D6E-2E5827F92FE6}"
EndProject
Project("{2150E333-8FDC-42A3-9474-1A3956D46DE8}") = "samples", "samples", "{44B48D77-370A-41B5-B0A9-3E8FBB0146A3}"
EndProject
Project("{FAE04EC0-301F-11D3-BF4B-00C04F79EFBC}") = "webapi", "samples\webapi\webapi.csproj", "{C46D8C2C-B8FD-48A6-B697-5D0047D073B2}"
EndProject
Project("{2150E333-8FDC-42A3-9474-1A3956D46DE8}") = "test", "test", "{B8A7FE5D-2E8A-4C1B-9C74-4BCCB378ED9B}"
EndProject
Project("{FAE04EC0-301F-11D3-BF4B-00C04F79EFBC}") = "ControllerTests", "test\ControllerTests\ControllerTests.csproj", "{B61583AD-EDBF-458F-9027-04709F5B0555}"
EndProject
Global
	GlobalSection(SolutionConfigurationPlatforms) = preSolution
		Debug|Any CPU = Debug|Any CPU
		Release|Any CPU = Release|Any CPU
	EndGlobalSection
	GlobalSection(SolutionProperties) = preSolution
		HideSolutionNode = FALSE
	EndGlobalSection
	GlobalSection(ProjectConfigurationPlatforms) = postSolution
		{EC6FB332-3EB9-4971-9D6E-2E5827F92FE6}.Debug|Any CPU.ActiveCfg = Debug|Any CPU
		{EC6FB332-3EB9-4971-9D6E-2E5827F92FE6}.Debug|Any CPU.Build.0 = Debug|Any CPU
		{EC6FB332-3EB9-4971-9D6E-2E5827F92FE6}.Release|Any CPU.ActiveCfg = Release|Any CPU
		{EC6FB332-3EB9-4971-9D6E-2E5827F92FE6}.Release|Any CPU.Build.0 = Release|Any CPU
		{C46D8C2C-B8FD-48A6-B697-5D0047D073B2}.Debug|Any CPU.ActiveCfg = Debug|Any CPU
		{C46D8C2C-B8FD-48A6-B697-5D0047D073B2}.Debug|Any CPU.Build.0 = Debug|Any CPU
		{C46D8C2C-B8FD-48A6-B697-5D0047D073B2}.Release|Any CPU.ActiveCfg = Release|Any CPU
		{C46D8C2C-B8FD-48A6-B697-5D0047D073B2}.Release|Any CPU.Build.0 = Release|Any CPU
		{B61583AD-EDBF-458F-9027-04709F5B0555}.Debug|Any CPU.ActiveCfg = Debug|Any CPU
		{B61583AD-EDBF-458F-9027-04709F5B0555}.Debug|Any CPU.Build.0 = Debug|Any CPU
		{B61583AD-EDBF-458F-9027-04709F5B0555}.Release|Any CPU.ActiveCfg = Release|Any CPU
		{B61583AD-EDBF-458F-9027-04709F5B0555}.Release|Any CPU.Build.0 = Release|Any CPU
	EndGlobalSection
	GlobalSection(NestedProjects) = preSolution
		{EC6FB332-3EB9-4971-9D6E-2E5827F92FE6} = {A47BAB96-7B99-4EC3-B21E-B7C242DF899C}
		{C46D8C2C-B8FD-48A6-B697-5D0047D073B2} = {44B48D77-370A-41B5-B0A9-3E8FBB0146A3}
		{B61583AD-EDBF-458F-9027-04709F5B0555} = {B8A7FE5D-2E8A-4C1B-9C74-4BCCB378ED9B}
	EndGlobalSection
EndGlobal
